
Microsoft Visual Studio Solution File, Format Version 12.00
# Visual Studio 15
VisualStudioVersion = 15.0.28010.2016
MinimumVisualStudioVersion = 10.0.40219.1
Project("{FAE04EC0-301F-11D3-BF4B-00C04F79EFBC}") = "CANSender", "CANSender.csproj", "{58B921F8-4390-4641-9A75-8691F9FCC53C}"
EndProject
Global
	GlobalSection(SolutionConfigurationPlatforms) = preSolution
		Debug|Any CPU = Debug|Any CPU
		Release|Any CPU = Release|Any CPU
	EndGlobalSection
	GlobalSection(ProjectConfigurationPlatforms) = postSolution
		{58B921F8-4390-4641-9A75-8691F9FCC53C}.Debug|Any CPU.ActiveCfg = Debug|Any CPU
		{58B921F8-4390-4641-9A75-8691F9FCC53C}.Debug|Any CPU.Build.0 = Debug|Any CPU
		{58B921F8-4390-4641-9A75-8691F9FCC53C}.Release|Any CPU.ActiveCfg = Release|Any CPU
		{58B921F8-4390-4641-9A75-8691F9FCC53C}.Release|Any CPU.Build.0 = Release|Any CPU
	EndGlobalSection
	GlobalSection(SolutionProperties) = preSolution
		HideSolutionNode = FALSE
	EndGlobalSection
	GlobalSection(ExtensibilityGlobals) = postSolution
		SolutionGuid = {726F0691-E311-4743-BDB2-A811A9ACD718}
	EndGlobalSection
EndGlobal
